// !$*UTF8*$!
{
	archiveVersion = 1;
	classes = {
	};
	objectVersion = 50;
	objects = {

/* Begin PBXBuildFile section */
		0E1D8F45256C840300EE0274 /* AppDelegate.swift in Sources */ = {isa = PBXBuildFile; fileRef = 0E1D8F44256C840300EE0274 /* AppDelegate.swift */; };
		0E1D8F47256C840300EE0274 /* SceneDelegate.swift in Sources */ = {isa = PBXBuildFile; fileRef = 0E1D8F46256C840300EE0274 /* SceneDelegate.swift */; };
		0E1D8F49256C840300EE0274 /* ViewController.swift in Sources */ = {isa = PBXBuildFile; fileRef = 0E1D8F48256C840300EE0274 /* ViewController.swift */; };
		0E1D8F4C256C840300EE0274 /* Main.storyboard in Resources */ = {isa = PBXBuildFile; fileRef = 0E1D8F4A256C840300EE0274 /* Main.storyboard */; };
		0E1D8F4E256C840400EE0274 /* Assets.xcassets in Resources */ = {isa = PBXBuildFile; fileRef = 0E1D8F4D256C840400EE0274 /* Assets.xcassets */; };
		0E1D8F51256C840400EE0274 /* LaunchScreen.storyboard in Resources */ = {isa = PBXBuildFile; fileRef = 0E1D8F4F256C840400EE0274 /* LaunchScreen.storyboard */; };
		0E1D8F5C256C840400EE0274 /* distributionTestAppTests.swift in Sources */ = {isa = PBXBuildFile; fileRef = 0E1D8F5B256C840400EE0274 /* distributionTestAppTests.swift */; };
		0E1D8F67256C840400EE0274 /* distributionTestAppUITests.swift in Sources */ = {isa = PBXBuildFile; fileRef = 0E1D8F66256C840400EE0274 /* distributionTestAppUITests.swift */; };
		4963F24A300FD14427956047 /* Pods_distributionTestApp_distributionTestAppUITests.framework in Frameworks */ = {isa = PBXBuildFile; fileRef = FFE9EC4E3A88A69FD6BA2876 /* Pods_distributionTestApp_distributionTestAppUITests.framework */; };
		601711C8C0D94AB086C5A55C /* Pods_distributionTestApp.framework in Frameworks */ = {isa = PBXBuildFile; fileRef = FF84033E07E1CA32D26AFC2B /* Pods_distributionTestApp.framework */; };
		C416CF9D7D3B9788C565105B /* Pods_distributionTestAppTests.framework in Frameworks */ = {isa = PBXBuildFile; fileRef = 16E88DBA28219ACE920BE7C9 /* Pods_distributionTestAppTests.framework */; };
/* End PBXBuildFile section */

/* Begin PBXContainerItemProxy section */
		0E1D8F58256C840400EE0274 /* PBXContainerItemProxy */ = {
			isa = PBXContainerItemProxy;
			containerPortal = 0E1D8F39256C840300EE0274 /* Project object */;
			proxyType = 1;
			remoteGlobalIDString = 0E1D8F40256C840300EE0274;
			remoteInfo = distributionTestApp;
		};
		0E1D8F63256C840400EE0274 /* PBXContainerItemProxy */ = {
			isa = PBXContainerItemProxy;
			containerPortal = 0E1D8F39256C840300EE0274 /* Project object */;
			proxyType = 1;
			remoteGlobalIDString = 0E1D8F40256C840300EE0274;
			remoteInfo = distributionTestApp;
		};
/* End PBXContainerItemProxy section */

/* Begin PBXFileReference section */
		07B72FC7B77AFFCFC2935B6E /* Pods-distributionTestApp.release.xcconfig */ = {isa = PBXFileReference; includeInIndex = 1; lastKnownFileType = text.xcconfig; name = "Pods-distributionTestApp.release.xcconfig"; path = "Target Support Files/Pods-distributionTestApp/Pods-distributionTestApp.release.xcconfig"; sourceTree = "<group>"; };
		0C5B9E35073560F94824DB37 /* Pods-distributionTestApp.debug.xcconfig */ = {isa = PBXFileReference; includeInIndex = 1; lastKnownFileType = text.xcconfig; name = "Pods-distributionTestApp.debug.xcconfig"; path = "Target Support Files/Pods-distributionTestApp/Pods-distributionTestApp.debug.xcconfig"; sourceTree = "<group>"; };
		0E1D8F41256C840300EE0274 /* distributionTestApp.app */ = {isa = PBXFileReference; explicitFileType = wrapper.application; includeInIndex = 0; path = distributionTestApp.app; sourceTree = BUILT_PRODUCTS_DIR; };
		0E1D8F44256C840300EE0274 /* AppDelegate.swift */ = {isa = PBXFileReference; lastKnownFileType = sourcecode.swift; path = AppDelegate.swift; sourceTree = "<group>"; };
		0E1D8F46256C840300EE0274 /* SceneDelegate.swift */ = {isa = PBXFileReference; lastKnownFileType = sourcecode.swift; path = SceneDelegate.swift; sourceTree = "<group>"; };
		0E1D8F48256C840300EE0274 /* ViewController.swift */ = {isa = PBXFileReference; lastKnownFileType = sourcecode.swift; path = ViewController.swift; sourceTree = "<group>"; };
		0E1D8F4B256C840300EE0274 /* Base */ = {isa = PBXFileReference; lastKnownFileType = file.storyboard; name = Base; path = Base.lproj/Main.storyboard; sourceTree = "<group>"; };
		0E1D8F4D256C840400EE0274 /* Assets.xcassets */ = {isa = PBXFileReference; lastKnownFileType = folder.assetcatalog; path = Assets.xcassets; sourceTree = "<group>"; };
		0E1D8F50256C840400EE0274 /* Base */ = {isa = PBXFileReference; lastKnownFileType = file.storyboard; name = Base; path = Base.lproj/LaunchScreen.storyboard; sourceTree = "<group>"; };
		0E1D8F52256C840400EE0274 /* Info.plist */ = {isa = PBXFileReference; lastKnownFileType = text.plist.xml; path = Info.plist; sourceTree = "<group>"; };
		0E1D8F57256C840400EE0274 /* distributionTestAppTests.xctest */ = {isa = PBXFileReference; explicitFileType = wrapper.cfbundle; includeInIndex = 0; path = distributionTestAppTests.xctest; sourceTree = BUILT_PRODUCTS_DIR; };
		0E1D8F5B256C840400EE0274 /* distributionTestAppTests.swift */ = {isa = PBXFileReference; lastKnownFileType = sourcecode.swift; path = distributionTestAppTests.swift; sourceTree = "<group>"; };
		0E1D8F5D256C840400EE0274 /* Info.plist */ = {isa = PBXFileReference; lastKnownFileType = text.plist.xml; path = Info.plist; sourceTree = "<group>"; };
		0E1D8F62256C840400EE0274 /* distributionTestAppUITests.xctest */ = {isa = PBXFileReference; explicitFileType = wrapper.cfbundle; includeInIndex = 0; path = distributionTestAppUITests.xctest; sourceTree = BUILT_PRODUCTS_DIR; };
		0E1D8F66256C840400EE0274 /* distributionTestAppUITests.swift */ = {isa = PBXFileReference; lastKnownFileType = sourcecode.swift; path = distributionTestAppUITests.swift; sourceTree = "<group>"; };
		0E1D8F68256C840400EE0274 /* Info.plist */ = {isa = PBXFileReference; lastKnownFileType = text.plist.xml; path = Info.plist; sourceTree = "<group>"; };
		16E88DBA28219ACE920BE7C9 /* Pods_distributionTestAppTests.framework */ = {isa = PBXFileReference; explicitFileType = wrapper.framework; includeInIndex = 0; path = Pods_distributionTestAppTests.framework; sourceTree = BUILT_PRODUCTS_DIR; };
		32C03FF78DB09D8138731514 /* Pods-distributionTestAppTests.debug.xcconfig */ = {isa = PBXFileReference; includeInIndex = 1; lastKnownFileType = text.xcconfig; name = "Pods-distributionTestAppTests.debug.xcconfig"; path = "Target Support Files/Pods-distributionTestAppTests/Pods-distributionTestAppTests.debug.xcconfig"; sourceTree = "<group>"; };
		81DAECF27C54FB6C1DD4707E /* Pods-distributionTestApp-distributionTestAppUITests.release.xcconfig */ = {isa = PBXFileReference; includeInIndex = 1; lastKnownFileType = text.xcconfig; name = "Pods-distributionTestApp-distributionTestAppUITests.release.xcconfig"; path = "Target Support Files/Pods-distributionTestApp-distributionTestAppUITests/Pods-distributionTestApp-distributionTestAppUITests.release.xcconfig"; sourceTree = "<group>"; };
		B510AC11B81943A336D778DF /* Pods-distributionTestApp-distributionTestAppUITests.debug.xcconfig */ = {isa = PBXFileReference; includeInIndex = 1; lastKnownFileType = text.xcconfig; name = "Pods-distributionTestApp-distributionTestAppUITests.debug.xcconfig"; path = "Target Support Files/Pods-distributionTestApp-distributionTestAppUITests/Pods-distributionTestApp-distributionTestAppUITests.debug.xcconfig"; sourceTree = "<group>"; };
		D0A36067E80EB71D764B1630 /* Pods-distributionTestAppTests.release.xcconfig */ = {isa = PBXFileReference; includeInIndex = 1; lastKnownFileType = text.xcconfig; name = "Pods-distributionTestAppTests.release.xcconfig"; path = "Target Support Files/Pods-distributionTestAppTests/Pods-distributionTestAppTests.release.xcconfig"; sourceTree = "<group>"; };
		FF84033E07E1CA32D26AFC2B /* Pods_distributionTestApp.framework */ = {isa = PBXFileReference; explicitFileType = wrapper.framework; includeInIndex = 0; path = Pods_distributionTestApp.framework; sourceTree = BUILT_PRODUCTS_DIR; };
		FFE9EC4E3A88A69FD6BA2876 /* Pods_distributionTestApp_distributionTestAppUITests.framework */ = {isa = PBXFileReference; explicitFileType = wrapper.framework; includeInIndex = 0; path = Pods_distributionTestApp_distributionTestAppUITests.framework; sourceTree = BUILT_PRODUCTS_DIR; };
/* End PBXFileReference section */

/* Begin PBXFrameworksBuildPhase section */
		0E1D8F3E256C840300EE0274 /* Frameworks */ = {
			isa = PBXFrameworksBuildPhase;
			buildActionMask = 2147483647;
			files = (
				601711C8C0D94AB086C5A55C /* Pods_distributionTestApp.framework in Frameworks */,
			);
			runOnlyForDeploymentPostprocessing = 0;
		};
		0E1D8F54256C840400EE0274 /* Frameworks */ = {
			isa = PBXFrameworksBuildPhase;
			buildActionMask = 2147483647;
			files = (
				C416CF9D7D3B9788C565105B /* Pods_distributionTestAppTests.framework in Frameworks */,
			);
			runOnlyForDeploymentPostprocessing = 0;
		};
		0E1D8F5F256C840400EE0274 /* Frameworks */ = {
			isa = PBXFrameworksBuildPhase;
			buildActionMask = 2147483647;
			files = (
				4963F24A300FD14427956047 /* Pods_distributionTestApp_distributionTestAppUITests.framework in Frameworks */,
			);
			runOnlyForDeploymentPostprocessing = 0;
		};
/* End PBXFrameworksBuildPhase section */

/* Begin PBXGroup section */
		0E1D8F38256C840300EE0274 = {
			isa = PBXGroup;
			children = (
				0E1D8F43256C840300EE0274 /* distributionTestApp */,
				0E1D8F5A256C840400EE0274 /* distributionTestAppTests */,
				0E1D8F65256C840400EE0274 /* distributionTestAppUITests */,
				0E1D8F42256C840300EE0274 /* Products */,
				5FD2C3FD8B4B380C3C1B669E /* Pods */,
				91CD5EAA32905DAA6012D480 /* Frameworks */,
			);
			sourceTree = "<group>";
		};
		0E1D8F42256C840300EE0274 /* Products */ = {
			isa = PBXGroup;
			children = (
				0E1D8F41256C840300EE0274 /* distributionTestApp.app */,
				0E1D8F57256C840400EE0274 /* distributionTestAppTests.xctest */,
				0E1D8F62256C840400EE0274 /* distributionTestAppUITests.xctest */,
			);
			name = Products;
			sourceTree = "<group>";
		};
		0E1D8F43256C840300EE0274 /* distributionTestApp */ = {
			isa = PBXGroup;
			children = (
				0E1D8F44256C840300EE0274 /* AppDelegate.swift */,
				0E1D8F46256C840300EE0274 /* SceneDelegate.swift */,
				0E1D8F48256C840300EE0274 /* ViewController.swift */,
				0E1D8F4A256C840300EE0274 /* Main.storyboard */,
				0E1D8F4D256C840400EE0274 /* Assets.xcassets */,
				0E1D8F4F256C840400EE0274 /* LaunchScreen.storyboard */,
				0E1D8F52256C840400EE0274 /* Info.plist */,
			);
			path = distributionTestApp;
			sourceTree = "<group>";
		};
		0E1D8F5A256C840400EE0274 /* distributionTestAppTests */ = {
			isa = PBXGroup;
			children = (
				0E1D8F5B256C840400EE0274 /* distributionTestAppTests.swift */,
				0E1D8F5D256C840400EE0274 /* Info.plist */,
			);
			path = distributionTestAppTests;
			sourceTree = "<group>";
		};
		0E1D8F65256C840400EE0274 /* distributionTestAppUITests */ = {
			isa = PBXGroup;
			children = (
				0E1D8F66256C840400EE0274 /* distributionTestAppUITests.swift */,
				0E1D8F68256C840400EE0274 /* Info.plist */,
			);
			path = distributionTestAppUITests;
			sourceTree = "<group>";
		};
		5FD2C3FD8B4B380C3C1B669E /* Pods */ = {
			isa = PBXGroup;
			children = (
				0C5B9E35073560F94824DB37 /* Pods-distributionTestApp.debug.xcconfig */,
				07B72FC7B77AFFCFC2935B6E /* Pods-distributionTestApp.release.xcconfig */,
				B510AC11B81943A336D778DF /* Pods-distributionTestApp-distributionTestAppUITests.debug.xcconfig */,
				81DAECF27C54FB6C1DD4707E /* Pods-distributionTestApp-distributionTestAppUITests.release.xcconfig */,
				32C03FF78DB09D8138731514 /* Pods-distributionTestAppTests.debug.xcconfig */,
				D0A36067E80EB71D764B1630 /* Pods-distributionTestAppTests.release.xcconfig */,
			);
			name = Pods;
			path = Pods;
			sourceTree = "<group>";
		};
		91CD5EAA32905DAA6012D480 /* Frameworks */ = {
			isa = PBXGroup;
			children = (
				FF84033E07E1CA32D26AFC2B /* Pods_distributionTestApp.framework */,
				FFE9EC4E3A88A69FD6BA2876 /* Pods_distributionTestApp_distributionTestAppUITests.framework */,
				16E88DBA28219ACE920BE7C9 /* Pods_distributionTestAppTests.framework */,
			);
			name = Frameworks;
			sourceTree = "<group>";
		};
/* End PBXGroup section */

/* Begin PBXNativeTarget section */
		0E1D8F40256C840300EE0274 /* distributionTestApp */ = {
			isa = PBXNativeTarget;
			buildConfigurationList = 0E1D8F6B256C840400EE0274 /* Build configuration list for PBXNativeTarget "distributionTestApp" */;
			buildPhases = (
				A55C9D98FC103ECC4C63963E /* [CP] Check Pods Manifest.lock */,
				0E1D8F3D256C840300EE0274 /* Sources */,
				0E1D8F3E256C840300EE0274 /* Frameworks */,
				0E1D8F3F256C840300EE0274 /* Resources */,
				79C53580813B7A45D5BBDC06 /* [CP] Embed Pods Frameworks */,
			);
			buildRules = (
			);
			dependencies = (
			);
			name = distributionTestApp;
			productName = distributionTestApp;
			productReference = 0E1D8F41256C840300EE0274 /* distributionTestApp.app */;
			productType = "com.apple.product-type.application";
		};
		0E1D8F56256C840400EE0274 /* distributionTestAppTests */ = {
			isa = PBXNativeTarget;
			buildConfigurationList = 0E1D8F6E256C840400EE0274 /* Build configuration list for PBXNativeTarget "distributionTestAppTests" */;
			buildPhases = (
				AEDF38BAE6CCBDA753C00957 /* [CP] Check Pods Manifest.lock */,
				0E1D8F53256C840400EE0274 /* Sources */,
				0E1D8F54256C840400EE0274 /* Frameworks */,
				0E1D8F55256C840400EE0274 /* Resources */,
			);
			buildRules = (
			);
			dependencies = (
				0E1D8F59256C840400EE0274 /* PBXTargetDependency */,
			);
			name = distributionTestAppTests;
			productName = distributionTestAppTests;
			productReference = 0E1D8F57256C840400EE0274 /* distributionTestAppTests.xctest */;
			productType = "com.apple.product-type.bundle.unit-test";
		};
		0E1D8F61256C840400EE0274 /* distributionTestAppUITests */ = {
			isa = PBXNativeTarget;
			buildConfigurationList = 0E1D8F71256C840400EE0274 /* Build configuration list for PBXNativeTarget "distributionTestAppUITests" */;
			buildPhases = (
				4F00F1CC9CBEB80465DF8D97 /* [CP] Check Pods Manifest.lock */,
				0E1D8F5E256C840400EE0274 /* Sources */,
				0E1D8F5F256C840400EE0274 /* Frameworks */,
				0E1D8F60256C840400EE0274 /* Resources */,
				161E451887E627DC756C06E5 /* [CP] Embed Pods Frameworks */,
			);
			buildRules = (
			);
			dependencies = (
				0E1D8F64256C840400EE0274 /* PBXTargetDependency */,
			);
			name = distributionTestAppUITests;
			productName = distributionTestAppUITests;
			productReference = 0E1D8F62256C840400EE0274 /* distributionTestAppUITests.xctest */;
			productType = "com.apple.product-type.bundle.ui-testing";
		};
/* End PBXNativeTarget section */

/* Begin PBXProject section */
		0E1D8F39256C840300EE0274 /* Project object */ = {
			isa = PBXProject;
			attributes = {
				LastSwiftUpdateCheck = 1220;
				LastUpgradeCheck = 1220;
				TargetAttributes = {
					0E1D8F40256C840300EE0274 = {
						CreatedOnToolsVersion = 12.2;
					};
					0E1D8F56256C840400EE0274 = {
						CreatedOnToolsVersion = 12.2;
						TestTargetID = 0E1D8F40256C840300EE0274;
					};
					0E1D8F61256C840400EE0274 = {
						CreatedOnToolsVersion = 12.2;
						TestTargetID = 0E1D8F40256C840300EE0274;
					};
				};
			};
			buildConfigurationList = 0E1D8F3C256C840300EE0274 /* Build configuration list for PBXProject "distributionTestApp" */;
			compatibilityVersion = "Xcode 9.3";
			developmentRegion = en;
			hasScannedForEncodings = 0;
			knownRegions = (
				en,
				Base,
			);
			mainGroup = 0E1D8F38256C840300EE0274;
			productRefGroup = 0E1D8F42256C840300EE0274 /* Products */;
			projectDirPath = "";
			projectRoot = "";
			targets = (
				0E1D8F40256C840300EE0274 /* distributionTestApp */,
				0E1D8F56256C840400EE0274 /* distributionTestAppTests */,
				0E1D8F61256C840400EE0274 /* distributionTestAppUITests */,
			);
		};
/* End PBXProject section */

/* Begin PBXResourcesBuildPhase section */
		0E1D8F3F256C840300EE0274 /* Resources */ = {
			isa = PBXResourcesBuildPhase;
			buildActionMask = 2147483647;
			files = (
				0E1D8F51256C840400EE0274 /* LaunchScreen.storyboard in Resources */,
				0E1D8F4E256C840400EE0274 /* Assets.xcassets in Resources */,
				0E1D8F4C256C840300EE0274 /* Main.storyboard in Resources */,
			);
			runOnlyForDeploymentPostprocessing = 0;
		};
		0E1D8F55256C840400EE0274 /* Resources */ = {
			isa = PBXResourcesBuildPhase;
			buildActionMask = 2147483647;
			files = (
			);
			runOnlyForDeploymentPostprocessing = 0;
		};
		0E1D8F60256C840400EE0274 /* Resources */ = {
			isa = PBXResourcesBuildPhase;
			buildActionMask = 2147483647;
			files = (
			);
			runOnlyForDeploymentPostprocessing = 0;
		};
/* End PBXResourcesBuildPhase section */

/* Begin PBXShellScriptBuildPhase section */
		161E451887E627DC756C06E5 /* [CP] Embed Pods Frameworks */ = {
			isa = PBXShellScriptBuildPhase;
			buildActionMask = 2147483647;
			files = (
			);
			inputFileListPaths = (
				"${PODS_ROOT}/Target Support Files/Pods-distributionTestApp-distributionTestAppUITests/Pods-distributionTestApp-distributionTestAppUITests-frameworks-${CONFIGURATION}-input-files.xcfilelist",
			);
			name = "[CP] Embed Pods Frameworks";
			outputFileListPaths = (
				"${PODS_ROOT}/Target Support Files/Pods-distributionTestApp-distributionTestAppUITests/Pods-distributionTestApp-distributionTestAppUITests-frameworks-${CONFIGURATION}-output-files.xcfilelist",
			);
			runOnlyForDeploymentPostprocessing = 0;
			shellPath = /bin/sh;
			shellScript = "\"${PODS_ROOT}/Target Support Files/Pods-distributionTestApp-distributionTestAppUITests/Pods-distributionTestApp-distributionTestAppUITests-frameworks.sh\"\n";
			showEnvVarsInLog = 0;
		};
		4F00F1CC9CBEB80465DF8D97 /* [CP] Check Pods Manifest.lock */ = {
			isa = PBXShellScriptBuildPhase;
			buildActionMask = 2147483647;
			files = (
			);
			inputFileListPaths = (
			);
			inputPaths = (
				"${PODS_PODFILE_DIR_PATH}/Podfile.lock",
				"${PODS_ROOT}/Manifest.lock",
			);
			name = "[CP] Check Pods Manifest.lock";
			outputFileListPaths = (
			);
			outputPaths = (
				"$(DERIVED_FILE_DIR)/Pods-distributionTestApp-distributionTestAppUITests-checkManifestLockResult.txt",
			);
			runOnlyForDeploymentPostprocessing = 0;
			shellPath = /bin/sh;
			shellScript = "diff \"${PODS_PODFILE_DIR_PATH}/Podfile.lock\" \"${PODS_ROOT}/Manifest.lock\" > /dev/null\nif [ $? != 0 ] ; then\n    # print error to STDERR\n    echo \"error: The sandbox is not in sync with the Podfile.lock. Run 'pod install' or update your CocoaPods installation.\" >&2\n    exit 1\nfi\n# This output is used by Xcode 'outputs' to avoid re-running this script phase.\necho \"SUCCESS\" > \"${SCRIPT_OUTPUT_FILE_0}\"\n";
			showEnvVarsInLog = 0;
		};
		79C53580813B7A45D5BBDC06 /* [CP] Embed Pods Frameworks */ = {
			isa = PBXShellScriptBuildPhase;
			buildActionMask = 2147483647;
			files = (
			);
			inputFileListPaths = (
				"${PODS_ROOT}/Target Support Files/Pods-distributionTestApp/Pods-distributionTestApp-frameworks-${CONFIGURATION}-input-files.xcfilelist",
			);
			name = "[CP] Embed Pods Frameworks";
			outputFileListPaths = (
				"${PODS_ROOT}/Target Support Files/Pods-distributionTestApp/Pods-distributionTestApp-frameworks-${CONFIGURATION}-output-files.xcfilelist",
			);
			runOnlyForDeploymentPostprocessing = 0;
			shellPath = /bin/sh;
			shellScript = "\"${PODS_ROOT}/Target Support Files/Pods-distributionTestApp/Pods-distributionTestApp-frameworks.sh\"\n";
			showEnvVarsInLog = 0;
		};
		A55C9D98FC103ECC4C63963E /* [CP] Check Pods Manifest.lock */ = {
			isa = PBXShellScriptBuildPhase;
			buildActionMask = 2147483647;
			files = (
			);
			inputFileListPaths = (
			);
			inputPaths = (
				"${PODS_PODFILE_DIR_PATH}/Podfile.lock",
				"${PODS_ROOT}/Manifest.lock",
			);
			name = "[CP] Check Pods Manifest.lock";
			outputFileListPaths = (
			);
			outputPaths = (
				"$(DERIVED_FILE_DIR)/Pods-distributionTestApp-checkManifestLockResult.txt",
			);
			runOnlyForDeploymentPostprocessing = 0;
			shellPath = /bin/sh;
			shellScript = "diff \"${PODS_PODFILE_DIR_PATH}/Podfile.lock\" \"${PODS_ROOT}/Manifest.lock\" > /dev/null\nif [ $? != 0 ] ; then\n    # print error to STDERR\n    echo \"error: The sandbox is not in sync with the Podfile.lock. Run 'pod install' or update your CocoaPods installation.\" >&2\n    exit 1\nfi\n# This output is used by Xcode 'outputs' to avoid re-running this script phase.\necho \"SUCCESS\" > \"${SCRIPT_OUTPUT_FILE_0}\"\n";
			showEnvVarsInLog = 0;
		};
		AEDF38BAE6CCBDA753C00957 /* [CP] Check Pods Manifest.lock */ = {
			isa = PBXShellScriptBuildPhase;
			buildActionMask = 2147483647;
			files = (
			);
			inputFileListPaths = (
			);
			inputPaths = (
				"${PODS_PODFILE_DIR_PATH}/Podfile.lock",
				"${PODS_ROOT}/Manifest.lock",
			);
			name = "[CP] Check Pods Manifest.lock";
			outputFileListPaths = (
			);
			outputPaths = (
				"$(DERIVED_FILE_DIR)/Pods-distributionTestAppTests-checkManifestLockResult.txt",
			);
			runOnlyForDeploymentPostprocessing = 0;
			shellPath = /bin/sh;
			shellScript = "diff \"${PODS_PODFILE_DIR_PATH}/Podfile.lock\" \"${PODS_ROOT}/Manifest.lock\" > /dev/null\nif [ $? != 0 ] ; then\n    # print error to STDERR\n    echo \"error: The sandbox is not in sync with the Podfile.lock. Run 'pod install' or update your CocoaPods installation.\" >&2\n    exit 1\nfi\n# This output is used by Xcode 'outputs' to avoid re-running this script phase.\necho \"SUCCESS\" > \"${SCRIPT_OUTPUT_FILE_0}\"\n";
			showEnvVarsInLog = 0;
		};
/* End PBXShellScriptBuildPhase section */

/* Begin PBXSourcesBuildPhase section */
		0E1D8F3D256C840300EE0274 /* Sources */ = {
			isa = PBXSourcesBuildPhase;
			buildActionMask = 2147483647;
			files = (
				0E1D8F49256C840300EE0274 /* ViewController.swift in Sources */,
				0E1D8F45256C840300EE0274 /* AppDelegate.swift in Sources */,
				0E1D8F47256C840300EE0274 /* SceneDelegate.swift in Sources */,
			);
			runOnlyForDeploymentPostprocessing = 0;
		};
		0E1D8F53256C840400EE0274 /* Sources */ = {
			isa = PBXSourcesBuildPhase;
			buildActionMask = 2147483647;
			files = (
				0E1D8F5C256C840400EE0274 /* distributionTestAppTests.swift in Sources */,
			);
			runOnlyForDeploymentPostprocessing = 0;
		};
		0E1D8F5E256C840400EE0274 /* Sources */ = {
			isa = PBXSourcesBuildPhase;
			buildActionMask = 2147483647;
			files = (
				0E1D8F67256C840400EE0274 /* distributionTestAppUITests.swift in Sources */,
			);
			runOnlyForDeploymentPostprocessing = 0;
		};
/* End PBXSourcesBuildPhase section */

/* Begin PBXTargetDependency section */
		0E1D8F59256C840400EE0274 /* PBXTargetDependency */ = {
			isa = PBXTargetDependency;
			target = 0E1D8F40256C840300EE0274 /* distributionTestApp */;
			targetProxy = 0E1D8F58256C840400EE0274 /* PBXContainerItemProxy */;
		};
		0E1D8F64256C840400EE0274 /* PBXTargetDependency */ = {
			isa = PBXTargetDependency;
			target = 0E1D8F40256C840300EE0274 /* distributionTestApp */;
			targetProxy = 0E1D8F63256C840400EE0274 /* PBXContainerItemProxy */;
		};
/* End PBXTargetDependency section */

/* Begin PBXVariantGroup section */
		0E1D8F4A256C840300EE0274 /* Main.storyboard */ = {
			isa = PBXVariantGroup;
			children = (
				0E1D8F4B256C840300EE0274 /* Base */,
			);
			name = Main.storyboard;
			sourceTree = "<group>";
		};
		0E1D8F4F256C840400EE0274 /* LaunchScreen.storyboard */ = {
			isa = PBXVariantGroup;
			children = (
				0E1D8F50256C840400EE0274 /* Base */,
			);
			name = LaunchScreen.storyboard;
			sourceTree = "<group>";
		};
/* End PBXVariantGroup section */

/* Begin XCBuildConfiguration section */
		0E1D8F69256C840400EE0274 /* Debug */ = {
			isa = XCBuildConfiguration;
			buildSettings = {
				ALWAYS_SEARCH_USER_PATHS = NO;
				CLANG_ANALYZER_NONNULL = YES;
				CLANG_ANALYZER_NUMBER_OBJECT_CONVERSION = YES_AGGRESSIVE;
				CLANG_CXX_LANGUAGE_STANDARD = "gnu++14";
				CLANG_CXX_LIBRARY = "libc++";
				CLANG_ENABLE_MODULES = YES;
				CLANG_ENABLE_OBJC_ARC = YES;
				CLANG_ENABLE_OBJC_WEAK = YES;
				CLANG_WARN_BLOCK_CAPTURE_AUTORELEASING = YES;
				CLANG_WARN_BOOL_CONVERSION = YES;
				CLANG_WARN_COMMA = YES;
				CLANG_WARN_CONSTANT_CONVERSION = YES;
				CLANG_WARN_DEPRECATED_OBJC_IMPLEMENTATIONS = YES;
				CLANG_WARN_DIRECT_OBJC_ISA_USAGE = YES_ERROR;
				CLANG_WARN_DOCUMENTATION_COMMENTS = YES;
				CLANG_WARN_EMPTY_BODY = YES;
				CLANG_WARN_ENUM_CONVERSION = YES;
				CLANG_WARN_INFINITE_RECURSION = YES;
				CLANG_WARN_INT_CONVERSION = YES;
				CLANG_WARN_NON_LITERAL_NULL_CONVERSION = YES;
				CLANG_WARN_OBJC_IMPLICIT_RETAIN_SELF = YES;
				CLANG_WARN_OBJC_LITERAL_CONVERSION = YES;
				CLANG_WARN_OBJC_ROOT_CLASS = YES_ERROR;
				CLANG_WARN_QUOTED_INCLUDE_IN_FRAMEWORK_HEADER = YES;
				CLANG_WARN_RANGE_LOOP_ANALYSIS = YES;
				CLANG_WARN_STRICT_PROTOTYPES = YES;
				CLANG_WARN_SUSPICIOUS_MOVE = YES;
				CLANG_WARN_UNGUARDED_AVAILABILITY = YES_AGGRESSIVE;
				CLANG_WARN_UNREACHABLE_CODE = YES;
				CLANG_WARN__DUPLICATE_METHOD_MATCH = YES;
				COPY_PHASE_STRIP = NO;
				DEBUG_INFORMATION_FORMAT = dwarf;
				ENABLE_STRICT_OBJC_MSGSEND = YES;
				ENABLE_TESTABILITY = YES;
				GCC_C_LANGUAGE_STANDARD = gnu11;
				GCC_DYNAMIC_NO_PIC = NO;
				GCC_NO_COMMON_BLOCKS = YES;
				GCC_OPTIMIZATION_LEVEL = 0;
				GCC_PREPROCESSOR_DEFINITIONS = (
					"DEBUG=1",
					"$(inherited)",
				);
				GCC_WARN_64_TO_32_BIT_CONVERSION = YES;
				GCC_WARN_ABOUT_RETURN_TYPE = YES_ERROR;
				GCC_WARN_UNDECLARED_SELECTOR = YES;
				GCC_WARN_UNINITIALIZED_AUTOS = YES_AGGRESSIVE;
				GCC_WARN_UNUSED_FUNCTION = YES;
				GCC_WARN_UNUSED_VARIABLE = YES;
				IPHONEOS_DEPLOYMENT_TARGET = 14.2;
				MTL_ENABLE_DEBUG_INFO = INCLUDE_SOURCE;
				MTL_FAST_MATH = YES;
				ONLY_ACTIVE_ARCH = YES;
				SDKROOT = iphoneos;
				SWIFT_ACTIVE_COMPILATION_CONDITIONS = DEBUG;
				SWIFT_OPTIMIZATION_LEVEL = "-Onone";
			};
			name = Debug;
		};
		0E1D8F6A256C840400EE0274 /* Release */ = {
			isa = XCBuildConfiguration;
			buildSettings = {
				ALWAYS_SEARCH_USER_PATHS = NO;
				CLANG_ANALYZER_NONNULL = YES;
				CLANG_ANALYZER_NUMBER_OBJECT_CONVERSION = YES_AGGRESSIVE;
				CLANG_CXX_LANGUAGE_STANDARD = "gnu++14";
				CLANG_CXX_LIBRARY = "libc++";
				CLANG_ENABLE_MODULES = YES;
				CLANG_ENABLE_OBJC_ARC = YES;
				CLANG_ENABLE_OBJC_WEAK = YES;
				CLANG_WARN_BLOCK_CAPTURE_AUTORELEASING = YES;
				CLANG_WARN_BOOL_CONVERSION = YES;
				CLANG_WARN_COMMA = YES;
				CLANG_WARN_CONSTANT_CONVERSION = YES;
				CLANG_WARN_DEPRECATED_OBJC_IMPLEMENTATIONS = YES;
				CLANG_WARN_DIRECT_OBJC_ISA_USAGE = YES_ERROR;
				CLANG_WARN_DOCUMENTATION_COMMENTS = YES;
				CLANG_WARN_EMPTY_BODY = YES;
				CLANG_WARN_ENUM_CONVERSION = YES;
				CLANG_WARN_INFINITE_RECURSION = YES;
				CLANG_WARN_INT_CONVERSION = YES;
				CLANG_WARN_NON_LITERAL_NULL_CONVERSION = YES;
				CLANG_WARN_OBJC_IMPLICIT_RETAIN_SELF = YES;
				CLANG_WARN_OBJC_LITERAL_CONVERSION = YES;
				CLANG_WARN_OBJC_ROOT_CLASS = YES_ERROR;
				CLANG_WARN_QUOTED_INCLUDE_IN_FRAMEWORK_HEADER = YES;
				CLANG_WARN_RANGE_LOOP_ANALYSIS = YES;
				CLANG_WARN_STRICT_PROTOTYPES = YES;
				CLANG_WARN_SUSPICIOUS_MOVE = YES;
				CLANG_WARN_UNGUARDED_AVAILABILITY = YES_AGGRESSIVE;
				CLANG_WARN_UNREACHABLE_CODE = YES;
				CLANG_WARN__DUPLICATE_METHOD_MATCH = YES;
				COPY_PHASE_STRIP = NO;
				DEBUG_INFORMATION_FORMAT = "dwarf-with-dsym";
				ENABLE_NS_ASSERTIONS = NO;
				ENABLE_STRICT_OBJC_MSGSEND = YES;
				GCC_C_LANGUAGE_STANDARD = gnu11;
				GCC_NO_COMMON_BLOCKS = YES;
				GCC_WARN_64_TO_32_BIT_CONVERSION = YES;
				GCC_WARN_ABOUT_RETURN_TYPE = YES_ERROR;
				GCC_WARN_UNDECLARED_SELECTOR = YES;
				GCC_WARN_UNINITIALIZED_AUTOS = YES_AGGRESSIVE;
				GCC_WARN_UNUSED_FUNCTION = YES;
				GCC_WARN_UNUSED_VARIABLE = YES;
				IPHONEOS_DEPLOYMENT_TARGET = 14.2;
				MTL_ENABLE_DEBUG_INFO = NO;
				MTL_FAST_MATH = YES;
				SDKROOT = iphoneos;
				SWIFT_COMPILATION_MODE = wholemodule;
				SWIFT_OPTIMIZATION_LEVEL = "-O";
				VALIDATE_PRODUCT = YES;
			};
			name = Release;
		};
		0E1D8F6C256C840400EE0274 /* Debug */ = {
			isa = XCBuildConfiguration;
			baseConfigurationReference = 0C5B9E35073560F94824DB37 /* Pods-distributionTestApp.debug.xcconfig */;
			buildSettings = {
				ASSETCATALOG_COMPILER_APPICON_NAME = AppIcon;
				ASSETCATALOG_COMPILER_GLOBAL_ACCENT_COLOR_NAME = AccentColor;
				CODE_SIGN_STYLE = Automatic;
				DEVELOPMENT_TEAM = 4PXVDQMGAW;
				INFOPLIST_FILE = distributionTestApp/Info.plist;
				LD_RUNPATH_SEARCH_PATHS = (
					"$(inherited)",
					"@executable_path/Frameworks",
				);
				PRODUCT_BUNDLE_IDENTIFIER = a.distributionTestApp;
				PRODUCT_NAME = "$(TARGET_NAME)";
				SWIFT_VERSION = 5.0;
				TARGETED_DEVICE_FAMILY = "1,2";
			};
			name = Debug;
		};
		0E1D8F6D256C840400EE0274 /* Release */ = {
			isa = XCBuildConfiguration;
			baseConfigurationReference = 07B72FC7B77AFFCFC2935B6E /* Pods-distributionTestApp.release.xcconfig */;
			buildSettings = {
				ASSETCATALOG_COMPILER_APPICON_NAME = AppIcon;
				ASSETCATALOG_COMPILER_GLOBAL_ACCENT_COLOR_NAME = AccentColor;
				CODE_SIGN_STYLE = Automatic;
				DEVELOPMENT_TEAM = 4PXVDQMGAW;
				INFOPLIST_FILE = distributionTestApp/Info.plist;
				LD_RUNPATH_SEARCH_PATHS = (
					"$(inherited)",
					"@executable_path/Frameworks",
				);
				PRODUCT_BUNDLE_IDENTIFIER = a.distributionTestApp;
				PRODUCT_NAME = "$(TARGET_NAME)";
				SWIFT_VERSION = 5.0;
				TARGETED_DEVICE_FAMILY = "1,2";
			};
			name = Release;
		};
		0E1D8F6F256C840400EE0274 /* Debug */ = {
			isa = XCBuildConfiguration;
			baseConfigurationReference = 32C03FF78DB09D8138731514 /* Pods-distributionTestAppTests.debug.xcconfig */;
			buildSettings = {
				ALWAYS_EMBED_SWIFT_STANDARD_LIBRARIES = YES;
				BUNDLE_LOADER = "$(TEST_HOST)";
				CODE_SIGN_STYLE = Automatic;
				DEVELOPMENT_TEAM = 4PXVDQMGAW;
				INFOPLIST_FILE = distributionTestAppTests/Info.plist;
				IPHONEOS_DEPLOYMENT_TARGET = 14.2;
				LD_RUNPATH_SEARCH_PATHS = (
					"$(inherited)",
					"@executable_path/Frameworks",
					"@loader_path/Frameworks",
				);
				PRODUCT_BUNDLE_IDENTIFIER = a.distributionTestAppTests;
				PRODUCT_NAME = "$(TARGET_NAME)";
				SWIFT_VERSION = 5.0;
				TARGETED_DEVICE_FAMILY = "1,2";
				TEST_HOST = "$(BUILT_PRODUCTS_DIR)/distributionTestApp.app/distributionTestApp";
			};
			name = Debug;
		};
		0E1D8F70256C840400EE0274 /* Release */ = {
			isa = XCBuildConfiguration;
			baseConfigurationReference = D0A36067E80EB71D764B1630 /* Pods-distributionTestAppTests.release.xcconfig */;
			buildSettings = {
				ALWAYS_EMBED_SWIFT_STANDARD_LIBRARIES = YES;
				BUNDLE_LOADER = "$(TEST_HOST)";
				CODE_SIGN_STYLE = Automatic;
				DEVELOPMENT_TEAM = 4PXVDQMGAW;
				INFOPLIST_FILE = distributionTestAppTests/Info.plist;
				IPHONEOS_DEPLOYMENT_TARGET = 14.2;
				LD_RUNPATH_SEARCH_PATHS = (
					"$(inherited)",
					"@executable_path/Frameworks",
					"@loader_path/Frameworks",
				);
				PRODUCT_BUNDLE_IDENTIFIER = a.distributionTestAppTests;
				PRODUCT_NAME = "$(TARGET_NAME)";
				SWIFT_VERSION = 5.0;
				TARGETED_DEVICE_FAMILY = "1,2";
				TEST_HOST = "$(BUILT_PRODUCTS_DIR)/distributionTestApp.app/distributionTestApp";
			};
			name = Release;
		};
		0E1D8F72256C840400EE0274 /* Debug */ = {
			isa = XCBuildConfiguration;
			baseConfigurationReference = B510AC11B81943A336D778DF /* Pods-distributionTestApp-distributionTestAppUITests.debug.xcconfig */;
			buildSettings = {
				ALWAYS_EMBED_SWIFT_STANDARD_LIBRARIES = YES;
				CODE_SIGN_STYLE = Automatic;
				DEVELOPMENT_TEAM = 4PXVDQMGAW;
				INFOPLIST_FILE = distributionTestAppUITests/Info.plist;
				LD_RUNPATH_SEARCH_PATHS = (
					"$(inherited)",
					"@executable_path/Frameworks",
					"@loader_path/Frameworks",
				);
				PRODUCT_BUNDLE_IDENTIFIER = a.distributionTestAppUITests;
				PRODUCT_NAME = "$(TARGET_NAME)";
				SWIFT_VERSION = 5.0;
				TARGETED_DEVICE_FAMILY = "1,2";
				TEST_TARGET_NAME = distributionTestApp;
			};
			name = Debug;
		};
		0E1D8F73256C840400EE0274 /* Release */ = {
			isa = XCBuildConfiguration;
			baseConfigurationReference = 81DAECF27C54FB6C1DD4707E /* Pods-distributionTestApp-distributionTestAppUITests.release.xcconfig */;
			buildSettings = {
				ALWAYS_EMBED_SWIFT_STANDARD_LIBRARIES = YES;
				CODE_SIGN_STYLE = Automatic;
				DEVELOPMENT_TEAM = 4PXVDQMGAW;
				INFOPLIST_FILE = distributionTestAppUITests/Info.plist;
				LD_RUNPATH_SEARCH_PATHS = (
					"$(inherited)",
					"@executable_path/Frameworks",
					"@loader_path/Frameworks",
				);
				PRODUCT_BUNDLE_IDENTIFIER = a.distributionTestAppUITests;
				PRODUCT_NAME = "$(TARGET_NAME)";
				SWIFT_VERSION = 5.0;
				TARGETED_DEVICE_FAMILY = "1,2";
				TEST_TARGET_NAME = distributionTestApp;
			};
			name = Release;
		};
/* End XCBuildConfiguration section */

/* Begin XCConfigurationList section */
		0E1D8F3C256C840300EE0274 /* Build configuration list for PBXProject "distributionTestApp" */ = {
			isa = XCConfigurationList;
			buildConfigurations = (
				0E1D8F69256C840400EE0274 /* Debug */,
				0E1D8F6A256C840400EE0274 /* Release */,
			);
			defaultConfigurationIsVisible = 0;
			defaultConfigurationName = Release;
		};
		0E1D8F6B256C840400EE0274 /* Build configuration list for PBXNativeTarget "distributionTestApp" */ = {
			isa = XCConfigurationList;
			buildConfigurations = (
				0E1D8F6C256C840400EE0274 /* Debug */,
				0E1D8F6D256C840400EE0274 /* Release */,
			);
			defaultConfigurationIsVisible = 0;
			defaultConfigurationName = Release;
		};
		0E1D8F6E256C840400EE0274 /* Build configuration list for PBXNativeTarget "distributionTestAppTests" */ = {
			isa = XCConfigurationList;
			buildConfigurations = (
				0E1D8F6F256C840400EE0274 /* Debug */,
				0E1D8F70256C840400EE0274 /* Release */,
			);
			defaultConfigurationIsVisible = 0;
			defaultConfigurationName = Release;
		};
		0E1D8F71256C840400EE0274 /* Build configuration list for PBXNativeTarget "distributionTestAppUITests" */ = {
			isa = XCConfigurationList;
			buildConfigurations = (
				0E1D8F72256C840400EE0274 /* Debug */,
				0E1D8F73256C840400EE0274 /* Release */,
			);
			defaultConfigurationIsVisible = 0;
			defaultConfigurationName = Release;
		};
/* End XCConfigurationList section */
	};
	rootObject = 0E1D8F39256C840300EE0274 /* Project object */;
}
